{
  "name": "assets",
  "lockfileVersion": 3,
  "requires": true,
  "packages": {
    "": {
      "devDependencies": {
        "live-select": "^1.0.0",
        "nouislider": "^15.0.0"
      }
    },
    "node_modules/live-select": {
      "version": "1.0.4",
      "resolved": "https://registry.npmjs.org/live-select/-/live-select-1.0.4.tgz",
      "integrity": "sha512-E8U2gKuq1DC9A4m+jaS3By/ji1nMjYSSN6hNS2MI84SMgJl23ufVB9Bpef/b0CiYF2FFNexfbwlgmJaoVm9X6A==",
      "dev": true,
      "license": "ISC"
    },
    "node_modules/nouislider": {
      "version": "15.8.1",
      "resolved": "https://registry.npmjs.org/nouislider/-/nouislider-15.8.1.tgz",
      "integrity": "sha512-93TweAi8kqntHJSPiSWQ1o/uZ29VWOmal9YKb6KKGGlCkugaNfAupT7o1qTHqdJvNQ7S0su5rO6qRFCjP8fxtw==",
      "dev": true,
      "license": "MIT"
    }
  }
}
