{
  "name": "assets",
  "lockfileVersion": 3,
  "requires": true,
  "packages": {
    "": {
      "dependencies": {
        "live_select": "file:../deps/live_select/priv/static/live_select.min.js",
        "nouislider": "^15.0.0"
      }
    },
    "../deps/live_select/priv/static/live_select.min.js": {},
    "node_modules/live_select": {
      "resolved": "../deps/live_select/priv/static/live_select.min.js",
      "link": true
    },
    "node_modules/nouislider": {
      "version": "15.8.1",
      "resolved": "https://registry.npmjs.org/nouislider/-/nouislider-15.8.1.tgz",
      "integrity": "sha512-93TweAi8kqntHJSPiSWQ1o/uZ29VWOmal9YKb6KKGGlCkugaNfAupT7o1qTHqdJvNQ7S0su5rO6qRFCjP8fxtw==",
      "license": "MIT"
    }
  }
}
